
Microsoft Visual Studio Solution File, Format Version 12.00
# Visual Studio 14
VisualStudioVersion = 14.0.25420.1
MinimumVisualStudioVersion = 10.0.40219.1
Project("{8BC9CEB8-8B4A-11D0-8D11-00A0C91BC942}") = "0) Two array exchange data", "ParallelProgramming-Tasks\ParallelProgramming-Tasks.vcxproj", "{F2468A29-7FF6-4FF4-85E5-E8571DA74F4E}"
EndProject
Project("{8BC9CEB8-8B4A-11D0-8D11-00A0C91BC942}") = "1) Summing Matrices", "1) Summing Matrices\1) Summing Matrices.vcxproj", "{624C7282-5815-4A5C-BA2D-E172EA4557DE}"
EndProject
Project("{8BC9CEB8-8B4A-11D0-8D11-00A0C91BC942}") = "2) Multiplication of matrices", "2) Multiplication of matrices\2) Multiplication of matrices.vcxproj", "{7A94C3CB-7925-4FE1-9535-9312C07E7CF7}"
EndProject
Project("{8BC9CEB8-8B4A-11D0-8D11-00A0C91BC942}") = "3) Gaussian for SLE", "3) Gaussian for SLE\3) Gaussian for SLE.vcxproj", "{359ED3BA-E68F-474C-82ED-2D5F18B829EA}"
EndProject
Project("{8BC9CEB8-8B4A-11D0-8D11-00A0C91BC942}") = "4) Simplex Method", "4) Simplex Method\4) Simplex Method.vcxproj", "{69E32273-EACB-423C-9E5A-A1161B9E9FB9}"
EndProject
Project("{FAE04EC0-301F-11D3-BF4B-00C04F79EFBC}") = "5) WPF Threads", "5) WPF Threads\5) WPF Threads.csproj", "{C6B267D7-EAAB-416E-81DB-7ACB8EAE090C}"
EndProject
Project("{8BC9CEB8-8B4A-11D0-8D11-00A0C91BC942}") = "6.1) Graphs Floyd Algorithm", "6.1) Graphs Floyd Algorithm\6.1) Graphs Floyd Algorithm.vcxproj", "{DCFD9B0C-D09F-43F4-B06B-966F716B359A}"
EndProject
Project("{8BC9CEB8-8B4A-11D0-8D11-00A0C91BC942}") = "6.2) Graphs Dijkstras Algorithm", "6.2) Graphs Dijkstras Algorithm\6.2) Graphs Dijkstras Algorithm.vcxproj", "{C0523FD2-DF99-43D4-8B84-2B90C5209725}"
EndProject
Project("{8BC9CEB8-8B4A-11D0-8D11-00A0C91BC942}") = "6.3) Graphs Prims Algorithm", "6.3) Graphs Prims Algorithm\6.3) Graphs Prims Algorithm.vcxproj", "{0EF55C10-B663-4FA7-B1C0-5039736564BF}"
EndProject
Project("{8BC9CEB8-8B4A-11D0-8D11-00A0C91BC942}") = "6.4) OpenCL Floyd Algorithm", "6.4) OpenCL Floyd Algorithm\6.4) OpenCL Floyd Algorithm.vcxproj", "{A476A509-BCFC-470A-AA2F-A5304F04EAB7}"
EndProject
Global
	GlobalSection(SolutionConfigurationPlatforms) = preSolution
		Debug|Any CPU = Debug|Any CPU
		Debug|x64 = Debug|x64
		Debug|x86 = Debug|x86
		Release|Any CPU = Release|Any CPU
		Release|x64 = Release|x64
		Release|x86 = Release|x86
	EndGlobalSection
	GlobalSection(ProjectConfigurationPlatforms) = postSolution
		{F2468A29-7FF6-4FF4-85E5-E8571DA74F4E}.Debug|Any CPU.ActiveCfg = Debug|Win32
		{F2468A29-7FF6-4FF4-85E5-E8571DA74F4E}.Debug|x64.ActiveCfg = Debug|x64
		{F2468A29-7FF6-4FF4-85E5-E8571DA74F4E}.Debug|x64.Build.0 = Debug|x64
		{F2468A29-7FF6-4FF4-85E5-E8571DA74F4E}.Debug|x86.ActiveCfg = Debug|Win32
		{F2468A29-7FF6-4FF4-85E5-E8571DA74F4E}.Debug|x86.Build.0 = Debug|Win32
		{F2468A29-7FF6-4FF4-85E5-E8571DA74F4E}.Release|Any CPU.ActiveCfg = Release|Win32
		{F2468A29-7FF6-4FF4-85E5-E8571DA74F4E}.Release|x64.ActiveCfg = Release|x64
		{F2468A29-7FF6-4FF4-85E5-E8571DA74F4E}.Release|x64.Build.0 = Release|x64
		{F2468A29-7FF6-4FF4-85E5-E8571DA74F4E}.Release|x86.ActiveCfg = Release|Win32
		{F2468A29-7FF6-4FF4-85E5-E8571DA74F4E}.Release|x86.Build.0 = Release|Win32
		{624C7282-5815-4A5C-BA2D-E172EA4557DE}.Debug|Any CPU.ActiveCfg = Debug|Win32
		{624C7282-5815-4A5C-BA2D-E172EA4557DE}.Debug|x64.ActiveCfg = Debug|x64
		{624C7282-5815-4A5C-BA2D-E172EA4557DE}.Debug|x64.Build.0 = Debug|x64
		{624C7282-5815-4A5C-BA2D-E172EA4557DE}.Debug|x86.ActiveCfg = Debug|Win32
		{624C7282-5815-4A5C-BA2D-E172EA4557DE}.Debug|x86.Build.0 = Debug|Win32
		{624C7282-5815-4A5C-BA2D-E172EA4557DE}.Release|Any CPU.ActiveCfg = Release|Win32
		{624C7282-5815-4A5C-BA2D-E172EA4557DE}.Release|x64.ActiveCfg = Release|x64
		{624C7282-5815-4A5C-BA2D-E172EA4557DE}.Release|x64.Build.0 = Release|x64
		{624C7282-5815-4A5C-BA2D-E172EA4557DE}.Release|x86.ActiveCfg = Release|Win32
		{624C7282-5815-4A5C-BA2D-E172EA4557DE}.Release|x86.Build.0 = Release|Win32
		{7A94C3CB-7925-4FE1-9535-9312C07E7CF7}.Debug|Any CPU.ActiveCfg = Debug|Win32
		{7A94C3CB-7925-4FE1-9535-9312C07E7CF7}.Debug|x64.ActiveCfg = Debug|x64
		{7A94C3CB-7925-4FE1-9535-9312C07E7CF7}.Debug|x64.Build.0 = Debug|x64
		{7A94C3CB-7925-4FE1-9535-9312C07E7CF7}.Debug|x86.ActiveCfg = Debug|Win32
		{7A94C3CB-7925-4FE1-9535-9312C07E7CF7}.Debug|x86.Build.0 = Debug|Win32
		{7A94C3CB-7925-4FE1-9535-9312C07E7CF7}.Release|Any CPU.ActiveCfg = Release|Win32
		{7A94C3CB-7925-4FE1-9535-9312C07E7CF7}.Release|x64.ActiveCfg = Release|x64
		{7A94C3CB-7925-4FE1-9535-9312C07E7CF7}.Release|x64.Build.0 = Release|x64
		{7A94C3CB-7925-4FE1-9535-9312C07E7CF7}.Release|x86.ActiveCfg = Release|Win32
		{7A94C3CB-7925-4FE1-9535-9312C07E7CF7}.Release|x86.Build.0 = Release|Win32
		{359ED3BA-E68F-474C-82ED-2D5F18B829EA}.Debug|Any CPU.ActiveCfg = Debug|Win32
		{359ED3BA-E68F-474C-82ED-2D5F18B829EA}.Debug|x64.ActiveCfg = Debug|x64
		{359ED3BA-E68F-474C-82ED-2D5F18B829EA}.Debug|x64.Build.0 = Debug|x64
		{359ED3BA-E68F-474C-82ED-2D5F18B829EA}.Debug|x86.ActiveCfg = Debug|Win32
		{359ED3BA-E68F-474C-82ED-2D5F18B829EA}.Debug|x86.Build.0 = Debug|Win32
		{359ED3BA-E68F-474C-82ED-2D5F18B829EA}.Release|Any CPU.ActiveCfg = Release|Win32
		{359ED3BA-E68F-474C-82ED-2D5F18B829EA}.Release|x64.ActiveCfg = Release|x64
		{359ED3BA-E68F-474C-82ED-2D5F18B829EA}.Release|x64.Build.0 = Release|x64
		{359ED3BA-E68F-474C-82ED-2D5F18B829EA}.Release|x86.ActiveCfg = Release|Win32
		{359ED3BA-E68F-474C-82ED-2D5F18B829EA}.Release|x86.Build.0 = Release|Win32
		{69E32273-EACB-423C-9E5A-A1161B9E9FB9}.Debug|Any CPU.ActiveCfg = Debug|Win32
		{69E32273-EACB-423C-9E5A-A1161B9E9FB9}.Debug|x64.ActiveCfg = Debug|x64
		{69E32273-EACB-423C-9E5A-A1161B9E9FB9}.Debug|x64.Build.0 = Debug|x64
		{69E32273-EACB-423C-9E5A-A1161B9E9FB9}.Debug|x86.ActiveCfg = Debug|Win32
		{69E32273-EACB-423C-9E5A-A1161B9E9FB9}.Debug|x86.Build.0 = Debug|Win32
		{69E32273-EACB-423C-9E5A-A1161B9E9FB9}.Release|Any CPU.ActiveCfg = Release|Win32
		{69E32273-EACB-423C-9E5A-A1161B9E9FB9}.Release|x64.ActiveCfg = Release|x64
		{69E32273-EACB-423C-9E5A-A1161B9E9FB9}.Release|x64.Build.0 = Release|x64
		{69E32273-EACB-423C-9E5A-A1161B9E9FB9}.Release|x86.ActiveCfg = Release|Win32
		{69E32273-EACB-423C-9E5A-A1161B9E9FB9}.Release|x86.Build.0 = Release|Win32
		{C6B267D7-EAAB-416E-81DB-7ACB8EAE090C}.Debug|Any CPU.ActiveCfg = Debug|Any CPU
		{C6B267D7-EAAB-416E-81DB-7ACB8EAE090C}.Debug|Any CPU.Build.0 = Debug|Any CPU
		{C6B267D7-EAAB-416E-81DB-7ACB8EAE090C}.Debug|x64.ActiveCfg = Debug|Any CPU
		{C6B267D7-EAAB-416E-81DB-7ACB8EAE090C}.Debug|x64.Build.0 = Debug|Any CPU
		{C6B267D7-EAAB-416E-81DB-7ACB8EAE090C}.Debug|x86.ActiveCfg = Debug|Any CPU
		{C6B267D7-EAAB-416E-81DB-7ACB8EAE090C}.Debug|x86.Build.0 = Debug|Any CPU
		{C6B267D7-EAAB-416E-81DB-7ACB8EAE090C}.Release|Any CPU.ActiveCfg = Release|Any CPU
		{C6B267D7-EAAB-416E-81DB-7ACB8EAE090C}.Release|Any CPU.Build.0 = Release|Any CPU
		{C6B267D7-EAAB-416E-81DB-7ACB8EAE090C}.Release|x64.ActiveCfg = Release|Any CPU
		{C6B267D7-EAAB-416E-81DB-7ACB8EAE090C}.Release|x64.Build.0 = Release|Any CPU
		{C6B267D7-EAAB-416E-81DB-7ACB8EAE090C}.Release|x86.ActiveCfg = Release|Any CPU
		{C6B267D7-EAAB-416E-81DB-7ACB8EAE090C}.Release|x86.Build.0 = Release|Any CPU
		{DCFD9B0C-D09F-43F4-B06B-966F716B359A}.Debug|Any CPU.ActiveCfg = Debug|Win32
		{DCFD9B0C-D09F-43F4-B06B-966F716B359A}.Debug|x64.ActiveCfg = Debug|x64
		{DCFD9B0C-D09F-43F4-B06B-966F716B359A}.Debug|x64.Build.0 = Debug|x64
		{DCFD9B0C-D09F-43F4-B06B-966F716B359A}.Debug|x86.ActiveCfg = Debug|Win32
		{DCFD9B0C-D09F-43F4-B06B-966F716B359A}.Debug|x86.Build.0 = Debug|Win32
		{DCFD9B0C-D09F-43F4-B06B-966F716B359A}.Release|Any CPU.ActiveCfg = Release|Win32
		{DCFD9B0C-D09F-43F4-B06B-966F716B359A}.Release|x64.ActiveCfg = Release|x64
		{DCFD9B0C-D09F-43F4-B06B-966F716B359A}.Release|x64.Build.0 = Release|x64
		{DCFD9B0C-D09F-43F4-B06B-966F716B359A}.Release|x86.ActiveCfg = Release|Win32
		{DCFD9B0C-D09F-43F4-B06B-966F716B359A}.Release|x86.Build.0 = Release|Win32
		{C0523FD2-DF99-43D4-8B84-2B90C5209725}.Debug|Any CPU.ActiveCfg = Debug|Win32
		{C0523FD2-DF99-43D4-8B84-2B90C5209725}.Debug|x64.ActiveCfg = Debug|x64
		{C0523FD2-DF99-43D4-8B84-2B90C5209725}.Debug|x64.Build.0 = Debug|x64
		{C0523FD2-DF99-43D4-8B84-2B90C5209725}.Debug|x86.ActiveCfg = Debug|Win32
		{C0523FD2-DF99-43D4-8B84-2B90C5209725}.Debug|x86.Build.0 = Debug|Win32
		{C0523FD2-DF99-43D4-8B84-2B90C5209725}.Release|Any CPU.ActiveCfg = Release|Win32
		{C0523FD2-DF99-43D4-8B84-2B90C5209725}.Release|x64.ActiveCfg = Release|x64
		{C0523FD2-DF99-43D4-8B84-2B90C5209725}.Release|x64.Build.0 = Release|x64
		{C0523FD2-DF99-43D4-8B84-2B90C5209725}.Release|x86.ActiveCfg = Release|Win32
		{C0523FD2-DF99-43D4-8B84-2B90C5209725}.Release|x86.Build.0 = Release|Win32
		{0EF55C10-B663-4FA7-B1C0-5039736564BF}.Debug|Any CPU.ActiveCfg = Debug|Win32
		{0EF55C10-B663-4FA7-B1C0-5039736564BF}.Debug|x64.ActiveCfg = Debug|x64
		{0EF55C10-B663-4FA7-B1C0-5039736564BF}.Debug|x64.Build.0 = Debug|x64
		{0EF55C10-B663-4FA7-B1C0-5039736564BF}.Debug|x86.ActiveCfg = Debug|Win32
		{0EF55C10-B663-4FA7-B1C0-5039736564BF}.Debug|x86.Build.0 = Debug|Win32
		{0EF55C10-B663-4FA7-B1C0-5039736564BF}.Release|Any CPU.ActiveCfg = Release|Win32
		{0EF55C10-B663-4FA7-B1C0-5039736564BF}.Release|x64.ActiveCfg = Release|x64
		{0EF55C10-B663-4FA7-B1C0-5039736564BF}.Release|x64.Build.0 = Release|x64
		{0EF55C10-B663-4FA7-B1C0-5039736564BF}.Release|x86.ActiveCfg = Release|Win32
		{0EF55C10-B663-4FA7-B1C0-5039736564BF}.Release|x86.Build.0 = Release|Win32
		{A476A509-BCFC-470A-AA2F-A5304F04EAB7}.Debug|Any CPU.ActiveCfg = Debug|Win32
		{A476A509-BCFC-470A-AA2F-A5304F04EAB7}.Debug|x64.ActiveCfg = Debug|x64
		{A476A509-BCFC-470A-AA2F-A5304F04EAB7}.Debug|x64.Build.0 = Debug|x64
		{A476A509-BCFC-470A-AA2F-A5304F04EAB7}.Debug|x86.ActiveCfg = Debug|x64
		{A476A509-BCFC-470A-AA2F-A5304F04EAB7}.Debug|x86.Build.0 = Debug|x64
		{A476A509-BCFC-470A-AA2F-A5304F04EAB7}.Release|Any CPU.ActiveCfg = Release|Win32
		{A476A509-BCFC-470A-AA2F-A5304F04EAB7}.Release|x64.ActiveCfg = Release|x64
		{A476A509-BCFC-470A-AA2F-A5304F04EAB7}.Release|x64.Build.0 = Release|x64
		{A476A509-BCFC-470A-AA2F-A5304F04EAB7}.Release|x86.ActiveCfg = Release|Win32
		{A476A509-BCFC-470A-AA2F-A5304F04EAB7}.Release|x86.Build.0 = Release|Win32
	EndGlobalSection
	GlobalSection(SolutionProperties) = preSolution
		HideSolutionNode = FALSE
	EndGlobalSection
EndGlobal
